
Microsoft Visual Studio Solution File, Format Version 12.00
# Visual Studio Version 17
VisualStudioVersion = 17.1.32127.271
MinimumVisualStudioVersion = 10.0.40219.1
Project("{FAE04EC0-301F-11D3-BF4B-00C04F79EFBC}") = "Dotnet9.IRepositories", "Dotnet9.IRepositories\Dotnet9.IRepositories.csproj", "{EB3E477B-D715-4101-B931-8B1A40E17E92}"
EndProject
Project("{FAE04EC0-301F-11D3-BF4B-00C04F79EFBC}") = "Dotnet9.Repositories", "Dotnet9.Repositories\Dotnet9.Repositories.csproj", "{85E48120-412F-4C8A-AD32-DA58F9C165DA}"
EndProject
Project("{FAE04EC0-301F-11D3-BF4B-00C04F79EFBC}") = "Dotnet9.IServices", "Dotnet9.IServices\Dotnet9.IServices.csproj", "{6FFD65B4-F937-42FB-852E-316724982EEE}"
EndProject
Project("{FAE04EC0-301F-11D3-BF4B-00C04F79EFBC}") = "Dotnet9.Services", "Dotnet9.Services\Dotnet9.Services.csproj", "{7EF72758-E396-44B1-BFAC-FD5FD241179A}"
EndProject
Project("{FAE04EC0-301F-11D3-BF4B-00C04F79EFBC}") = "Dotnet9.API", "Dotnet9.API\Dotnet9.API.csproj", "{360CF15B-419B-4A0C-B449-178C1EDB187D}"
EndProject
Project("{FAE04EC0-301F-11D3-BF4B-00C04F79EFBC}") = "Dotnet9.Models", "Dotnet9.Models\Dotnet9.Models.csproj", "{DD2CB6B0-7311-4F35-A490-21AE9B52BA47}"
EndProject
Global
	GlobalSection(SolutionConfigurationPlatforms) = preSolution
		Debug|Any CPU = Debug|Any CPU
		Release|Any CPU = Release|Any CPU
	EndGlobalSection
	GlobalSection(ProjectConfigurationPlatforms) = postSolution
		{EB3E477B-D715-4101-B931-8B1A40E17E92}.Debug|Any CPU.ActiveCfg = Debug|Any CPU
		{EB3E477B-D715-4101-B931-8B1A40E17E92}.Debug|Any CPU.Build.0 = Debug|Any CPU
		{EB3E477B-D715-4101-B931-8B1A40E17E92}.Release|Any CPU.ActiveCfg = Release|Any CPU
		{EB3E477B-D715-4101-B931-8B1A40E17E92}.Release|Any CPU.Build.0 = Release|Any CPU
		{85E48120-412F-4C8A-AD32-DA58F9C165DA}.Debug|Any CPU.ActiveCfg = Debug|Any CPU
		{85E48120-412F-4C8A-AD32-DA58F9C165DA}.Debug|Any CPU.Build.0 = Debug|Any CPU
		{85E48120-412F-4C8A-AD32-DA58F9C165DA}.Release|Any CPU.ActiveCfg = Release|Any CPU
		{85E48120-412F-4C8A-AD32-DA58F9C165DA}.Release|Any CPU.Build.0 = Release|Any CPU
		{6FFD65B4-F937-42FB-852E-316724982EEE}.Debug|Any CPU.ActiveCfg = Debug|Any CPU
		{6FFD65B4-F937-42FB-852E-316724982EEE}.Debug|Any CPU.Build.0 = Debug|Any CPU
		{6FFD65B4-F937-42FB-852E-316724982EEE}.Release|Any CPU.ActiveCfg = Release|Any CPU
		{6FFD65B4-F937-42FB-852E-316724982EEE}.Release|Any CPU.Build.0 = Release|Any CPU
		{7EF72758-E396-44B1-BFAC-FD5FD241179A}.Debug|Any CPU.ActiveCfg = Debug|Any CPU
		{7EF72758-E396-44B1-BFAC-FD5FD241179A}.Debug|Any CPU.Build.0 = Debug|Any CPU
		{7EF72758-E396-44B1-BFAC-FD5FD241179A}.Release|Any CPU.ActiveCfg = Release|Any CPU
		{7EF72758-E396-44B1-BFAC-FD5FD241179A}.Release|Any CPU.Build.0 = Release|Any CPU
		{360CF15B-419B-4A0C-B449-178C1EDB187D}.Debug|Any CPU.ActiveCfg = Debug|Any CPU
		{360CF15B-419B-4A0C-B449-178C1EDB187D}.Debug|Any CPU.Build.0 = Debug|Any CPU
		{360CF15B-419B-4A0C-B449-178C1EDB187D}.Release|Any CPU.ActiveCfg = Release|Any CPU
		{360CF15B-419B-4A0C-B449-178C1EDB187D}.Release|Any CPU.Build.0 = Release|Any CPU
		{DD2CB6B0-7311-4F35-A490-21AE9B52BA47}.Debug|Any CPU.ActiveCfg = Debug|Any CPU
		{DD2CB6B0-7311-4F35-A490-21AE9B52BA47}.Debug|Any CPU.Build.0 = Debug|Any CPU
		{DD2CB6B0-7311-4F35-A490-21AE9B52BA47}.Release|Any CPU.ActiveCfg = Release|Any CPU
		{DD2CB6B0-7311-4F35-A490-21AE9B52BA47}.Release|Any CPU.Build.0 = Release|Any CPU
	EndGlobalSection
	GlobalSection(SolutionProperties) = preSolution
		HideSolutionNode = FALSE
	EndGlobalSection
	GlobalSection(ExtensibilityGlobals) = postSolution
		SolutionGuid = {6E74274D-4E6D-4A9E-9AC4-F38EA1A17A23}
	EndGlobalSection
EndGlobal
