
Microsoft Visual Studio Solution File, Format Version 12.00
# Visual Studio Version 17
VisualStudioVersion = 17.3.32714.290
MinimumVisualStudioVersion = 10.0.40219.1
Project("{2150E333-8FDC-42A3-9474-1A3956D46DE8}") = "IdentityService", "IdentityService", "{ABDB48C0-9118-42B1-8C63-DCC8C02E9058}"
EndProject
Project("{2150E333-8FDC-42A3-9474-1A3956D46DE8}") = "Solution Items", "Solution Items", "{F8856FC8-315F-47F5-8FB9-9389B4AA6143}"
	ProjectSection(SolutionItems) = preProject
		.editorconfig = .editorconfig
		Directory.build.props = Directory.build.props
		Directory.Build.Targets = Directory.Build.Targets
	EndProjectSection
EndProject
Project("{2150E333-8FDC-42A3-9474-1A3956D46DE8}") = "Commons", "Commons", "{AE150C06-1686-47F3-A3D6-939684B4433D}"
EndProject
Project("{9A19103F-16F7-4668-BE54-9A1E7A4F7556}") = "IdentityService.Domain", "IdentityService.Domain\IdentityService.Domain.csproj", "{8EE3B8ED-5D45-4086-9E13-271314EE2374}"
EndProject
Project("{9A19103F-16F7-4668-BE54-9A1E7A4F7556}") = "Dotnet9.DomainCommons", "Dotnet9.DomainCommons\Dotnet9.DomainCommons.csproj", "{3A3DBF9B-0B15-422F-BF60-DAB48397624A}"
EndProject
Project("{9A19103F-16F7-4668-BE54-9A1E7A4F7556}") = "Dotnet9.JWT", "Dotnet9.JWT\Dotnet9.JWT.csproj", "{118FC6C4-80BD-4715-8498-476024F5ACAB}"
EndProject
Project("{9A19103F-16F7-4668-BE54-9A1E7A4F7556}") = "Dotnet9.Commons", "Dotnet9.Commons\Dotnet9.Commons.csproj", "{EC09FC4C-22D4-4D7A-8762-8ECAED615396}"
EndProject
Project("{9A19103F-16F7-4668-BE54-9A1E7A4F7556}") = "IdentityService.Infrastructure", "IdentityService.Infrastructure\IdentityService.Infrastructure.csproj", "{0998BCB9-9346-4180-A038-CBED353C4DCF}"
EndProject
Project("{9A19103F-16F7-4668-BE54-9A1E7A4F7556}") = "Dotnet9.Infrastructure", "Dotnet9.Infrastructure\Dotnet9.Infrastructure.csproj", "{8D7F630B-63F4-4A55-8DC9-AAF14ADC6E44}"
EndProject
Project("{9A19103F-16F7-4668-BE54-9A1E7A4F7556}") = "IdentityService.WebAPI", "IdentityService.WebAPI\IdentityService.WebAPI.csproj", "{184A06D5-7F91-4B8F-B8A1-CED1AC25D1CF}"
EndProject
Project("{9A19103F-16F7-4668-BE54-9A1E7A4F7556}") = "CommonInitializer", "CommonInitializer\CommonInitializer.csproj", "{9B74B488-FA96-4496-AAC1-4BD887B7DC88}"
EndProject
Project("{9A19103F-16F7-4668-BE54-9A1E7A4F7556}") = "Dotnet9.EventBus", "Dotnet9.EventBus\Dotnet9.EventBus.csproj", "{6BDC4722-E5E9-42F7-9613-50FF24B375A5}"
EndProject
Project("{FAE04EC0-301F-11D3-BF4B-00C04F79EFBC}") = "Dotnet9.AnyDBConfigProvider", "Dotnet9.AnyDBConfigProvider\Dotnet9.AnyDBConfigProvider.csproj", "{227A2A00-6662-4448-9CCE-F850B035F297}"
EndProject
Global
	GlobalSection(SolutionConfigurationPlatforms) = preSolution
		Debug|Any CPU = Debug|Any CPU
		Release|Any CPU = Release|Any CPU
	EndGlobalSection
	GlobalSection(ProjectConfigurationPlatforms) = postSolution
		{8EE3B8ED-5D45-4086-9E13-271314EE2374}.Debug|Any CPU.ActiveCfg = Debug|Any CPU
		{8EE3B8ED-5D45-4086-9E13-271314EE2374}.Debug|Any CPU.Build.0 = Debug|Any CPU
		{8EE3B8ED-5D45-4086-9E13-271314EE2374}.Release|Any CPU.ActiveCfg = Release|Any CPU
		{8EE3B8ED-5D45-4086-9E13-271314EE2374}.Release|Any CPU.Build.0 = Release|Any CPU
		{3A3DBF9B-0B15-422F-BF60-DAB48397624A}.Debug|Any CPU.ActiveCfg = Debug|Any CPU
		{3A3DBF9B-0B15-422F-BF60-DAB48397624A}.Debug|Any CPU.Build.0 = Debug|Any CPU
		{3A3DBF9B-0B15-422F-BF60-DAB48397624A}.Release|Any CPU.ActiveCfg = Release|Any CPU
		{3A3DBF9B-0B15-422F-BF60-DAB48397624A}.Release|Any CPU.Build.0 = Release|Any CPU
		{118FC6C4-80BD-4715-8498-476024F5ACAB}.Debug|Any CPU.ActiveCfg = Debug|Any CPU
		{118FC6C4-80BD-4715-8498-476024F5ACAB}.Debug|Any CPU.Build.0 = Debug|Any CPU
		{118FC6C4-80BD-4715-8498-476024F5ACAB}.Release|Any CPU.ActiveCfg = Release|Any CPU
		{118FC6C4-80BD-4715-8498-476024F5ACAB}.Release|Any CPU.Build.0 = Release|Any CPU
		{EC09FC4C-22D4-4D7A-8762-8ECAED615396}.Debug|Any CPU.ActiveCfg = Debug|Any CPU
		{EC09FC4C-22D4-4D7A-8762-8ECAED615396}.Debug|Any CPU.Build.0 = Debug|Any CPU
		{EC09FC4C-22D4-4D7A-8762-8ECAED615396}.Release|Any CPU.ActiveCfg = Release|Any CPU
		{EC09FC4C-22D4-4D7A-8762-8ECAED615396}.Release|Any CPU.Build.0 = Release|Any CPU
		{0998BCB9-9346-4180-A038-CBED353C4DCF}.Debug|Any CPU.ActiveCfg = Debug|Any CPU
		{0998BCB9-9346-4180-A038-CBED353C4DCF}.Debug|Any CPU.Build.0 = Debug|Any CPU
		{0998BCB9-9346-4180-A038-CBED353C4DCF}.Release|Any CPU.ActiveCfg = Release|Any CPU
		{0998BCB9-9346-4180-A038-CBED353C4DCF}.Release|Any CPU.Build.0 = Release|Any CPU
		{8D7F630B-63F4-4A55-8DC9-AAF14ADC6E44}.Debug|Any CPU.ActiveCfg = Debug|Any CPU
		{8D7F630B-63F4-4A55-8DC9-AAF14ADC6E44}.Debug|Any CPU.Build.0 = Debug|Any CPU
		{8D7F630B-63F4-4A55-8DC9-AAF14ADC6E44}.Release|Any CPU.ActiveCfg = Release|Any CPU
		{8D7F630B-63F4-4A55-8DC9-AAF14ADC6E44}.Release|Any CPU.Build.0 = Release|Any CPU
		{184A06D5-7F91-4B8F-B8A1-CED1AC25D1CF}.Debug|Any CPU.ActiveCfg = Debug|Any CPU
		{184A06D5-7F91-4B8F-B8A1-CED1AC25D1CF}.Debug|Any CPU.Build.0 = Debug|Any CPU
		{184A06D5-7F91-4B8F-B8A1-CED1AC25D1CF}.Release|Any CPU.ActiveCfg = Release|Any CPU
		{184A06D5-7F91-4B8F-B8A1-CED1AC25D1CF}.Release|Any CPU.Build.0 = Release|Any CPU
		{9B74B488-FA96-4496-AAC1-4BD887B7DC88}.Debug|Any CPU.ActiveCfg = Debug|Any CPU
		{9B74B488-FA96-4496-AAC1-4BD887B7DC88}.Debug|Any CPU.Build.0 = Debug|Any CPU
		{9B74B488-FA96-4496-AAC1-4BD887B7DC88}.Release|Any CPU.ActiveCfg = Release|Any CPU
		{9B74B488-FA96-4496-AAC1-4BD887B7DC88}.Release|Any CPU.Build.0 = Release|Any CPU
		{6BDC4722-E5E9-42F7-9613-50FF24B375A5}.Debug|Any CPU.ActiveCfg = Debug|Any CPU
		{6BDC4722-E5E9-42F7-9613-50FF24B375A5}.Debug|Any CPU.Build.0 = Debug|Any CPU
		{6BDC4722-E5E9-42F7-9613-50FF24B375A5}.Release|Any CPU.ActiveCfg = Release|Any CPU
		{6BDC4722-E5E9-42F7-9613-50FF24B375A5}.Release|Any CPU.Build.0 = Release|Any CPU
		{227A2A00-6662-4448-9CCE-F850B035F297}.Debug|Any CPU.ActiveCfg = Debug|Any CPU
		{227A2A00-6662-4448-9CCE-F850B035F297}.Debug|Any CPU.Build.0 = Debug|Any CPU
		{227A2A00-6662-4448-9CCE-F850B035F297}.Release|Any CPU.ActiveCfg = Release|Any CPU
		{227A2A00-6662-4448-9CCE-F850B035F297}.Release|Any CPU.Build.0 = Release|Any CPU
	EndGlobalSection
	GlobalSection(SolutionProperties) = preSolution
		HideSolutionNode = FALSE
	EndGlobalSection
	GlobalSection(NestedProjects) = preSolution
		{8EE3B8ED-5D45-4086-9E13-271314EE2374} = {ABDB48C0-9118-42B1-8C63-DCC8C02E9058}
		{3A3DBF9B-0B15-422F-BF60-DAB48397624A} = {AE150C06-1686-47F3-A3D6-939684B4433D}
		{118FC6C4-80BD-4715-8498-476024F5ACAB} = {AE150C06-1686-47F3-A3D6-939684B4433D}
		{EC09FC4C-22D4-4D7A-8762-8ECAED615396} = {AE150C06-1686-47F3-A3D6-939684B4433D}
		{0998BCB9-9346-4180-A038-CBED353C4DCF} = {ABDB48C0-9118-42B1-8C63-DCC8C02E9058}
		{8D7F630B-63F4-4A55-8DC9-AAF14ADC6E44} = {AE150C06-1686-47F3-A3D6-939684B4433D}
		{184A06D5-7F91-4B8F-B8A1-CED1AC25D1CF} = {ABDB48C0-9118-42B1-8C63-DCC8C02E9058}
		{9B74B488-FA96-4496-AAC1-4BD887B7DC88} = {AE150C06-1686-47F3-A3D6-939684B4433D}
		{6BDC4722-E5E9-42F7-9613-50FF24B375A5} = {AE150C06-1686-47F3-A3D6-939684B4433D}
		{227A2A00-6662-4448-9CCE-F850B035F297} = {AE150C06-1686-47F3-A3D6-939684B4433D}
	EndGlobalSection
	GlobalSection(ExtensibilityGlobals) = postSolution
		SolutionGuid = {22BB9A9A-F093-4303-990E-CF7839160C59}
	EndGlobalSection
EndGlobal
