
Microsoft Visual Studio Solution File, Format Version 12.00
# Visual Studio Version 17
VisualStudioVersion = 17.1.32210.238
MinimumVisualStudioVersion = 10.0.40219.1
Project("{9A19103F-16F7-4668-BE54-9A1E7A4F7556}") = "Dotnet9.WebApp", "Dotnet9.Admins\Dotnet9.WebApp\Dotnet9.WebApp.csproj", "{92D9A803-2776-4377-9704-9A9F4193EC3E}"
EndProject
Project("{9A19103F-16F7-4668-BE54-9A1E7A4F7556}") = "Dotnet9.Server", "Dotnet9.Admins\Dotnet9.Server\Dotnet9.Server.csproj", "{2C293C8D-F482-4E8C-9906-3E6C27BB2DE6}"
EndProject
Project("{9A19103F-16F7-4668-BE54-9A1E7A4F7556}") = "Dotnet9.Wasm", "Dotnet9.Admins\Dotnet9.Wasm\Dotnet9.Wasm.csproj", "{90B3E852-A2F4-490F-8BD6-53A9B697EB7E}"
EndProject
Project("{9A19103F-16F7-4668-BE54-9A1E7A4F7556}") = "Dotnet9.Core", "Dotnet9.Core\Dotnet9.Core.csproj", "{74F1B8A1-ADA9-42FA-ABC5-DBABCBC64655}"
EndProject
Global
	GlobalSection(SolutionConfigurationPlatforms) = preSolution
		Debug|Any CPU = Debug|Any CPU
		Release|Any CPU = Release|Any CPU
	EndGlobalSection
	GlobalSection(ProjectConfigurationPlatforms) = postSolution
		{92D9A803-2776-4377-9704-9A9F4193EC3E}.Debug|Any CPU.ActiveCfg = Debug|Any CPU
		{92D9A803-2776-4377-9704-9A9F4193EC3E}.Debug|Any CPU.Build.0 = Debug|Any CPU
		{92D9A803-2776-4377-9704-9A9F4193EC3E}.Release|Any CPU.ActiveCfg = Release|Any CPU
		{92D9A803-2776-4377-9704-9A9F4193EC3E}.Release|Any CPU.Build.0 = Release|Any CPU
		{2C293C8D-F482-4E8C-9906-3E6C27BB2DE6}.Debug|Any CPU.ActiveCfg = Debug|Any CPU
		{2C293C8D-F482-4E8C-9906-3E6C27BB2DE6}.Debug|Any CPU.Build.0 = Debug|Any CPU
		{2C293C8D-F482-4E8C-9906-3E6C27BB2DE6}.Release|Any CPU.ActiveCfg = Release|Any CPU
		{2C293C8D-F482-4E8C-9906-3E6C27BB2DE6}.Release|Any CPU.Build.0 = Release|Any CPU
		{90B3E852-A2F4-490F-8BD6-53A9B697EB7E}.Debug|Any CPU.ActiveCfg = Debug|Any CPU
		{90B3E852-A2F4-490F-8BD6-53A9B697EB7E}.Debug|Any CPU.Build.0 = Debug|Any CPU
		{90B3E852-A2F4-490F-8BD6-53A9B697EB7E}.Release|Any CPU.ActiveCfg = Release|Any CPU
		{90B3E852-A2F4-490F-8BD6-53A9B697EB7E}.Release|Any CPU.Build.0 = Release|Any CPU
		{74F1B8A1-ADA9-42FA-ABC5-DBABCBC64655}.Debug|Any CPU.ActiveCfg = Debug|Any CPU
		{74F1B8A1-ADA9-42FA-ABC5-DBABCBC64655}.Debug|Any CPU.Build.0 = Debug|Any CPU
		{74F1B8A1-ADA9-42FA-ABC5-DBABCBC64655}.Release|Any CPU.ActiveCfg = Release|Any CPU
		{74F1B8A1-ADA9-42FA-ABC5-DBABCBC64655}.Release|Any CPU.Build.0 = Release|Any CPU
	EndGlobalSection
	GlobalSection(SolutionProperties) = preSolution
		HideSolutionNode = FALSE
	EndGlobalSection
	GlobalSection(ExtensibilityGlobals) = postSolution
		SolutionGuid = {23F5EB67-5874-4763-88EF-473C3EB6DD51}
	EndGlobalSection
EndGlobal
