
Microsoft Visual Studio Solution File, Format Version 12.00
# Visual Studio Version 17
VisualStudioVersion = 17.0.31521.260
MinimumVisualStudioVersion = 10.0.40219.1
Project("{2150E333-8FDC-42A3-9474-1A3956D46DE8}") = "src", "src", "{92F40AFA-8416-40BE-9893-D35E1924C69D}"
EndProject
Project("{2150E333-8FDC-42A3-9474-1A3956D46DE8}") = "dapr", "dapr", "{E011B243-0389-468B-B903-83445BED69A4}"
EndProject
Project("{2150E333-8FDC-42A3-9474-1A3956D46DE8}") = "components", "components", "{FBFB499A-7022-4417-881B-68F63DBDB7F4}"
	ProjectSection(SolutionItems) = preProject
		dapr\components\pubsub.yaml = dapr\components\pubsub.yaml
		dapr\components\statestore.yaml = dapr\components\statestore.yaml
	EndProjectSection
EndProject
Project("{2150E333-8FDC-42A3-9474-1A3956D46DE8}") = "解决方案项", "解决方案项", "{7F354265-056B-488F-9285-CB754FAAB24A}"
	ProjectSection(SolutionItems) = preProject
		.editorconfig = .editorconfig
		Directory.Build.Props = Directory.Build.Props
		Directory.Build.Targets = Directory.Build.Targets
	EndProjectSection
EndProject
Project("{2150E333-8FDC-42A3-9474-1A3956D46DE8}") = "test", "test", "{BFB92BD5-482F-49F4-B76C-EF8F697D3F99}"
EndProject
Project("{9A19103F-16F7-4668-BE54-9A1E7A4F7556}") = "Dotnet9.Commons", "Dotnet9.Commons\Dotnet9.Commons.csproj", "{B7E5E5CD-A307-4E8B-B39C-B1896F2B4DAE}"
EndProject
Project("{9A19103F-16F7-4668-BE54-9A1E7A4F7556}") = "Dotnet9.Contracts", "Dotnet9.Contracts\Dotnet9.Contracts.csproj", "{0E96678C-76C2-4829-BF9D-93D650F4E567}"
EndProject
Project("{9A19103F-16F7-4668-BE54-9A1E7A4F7556}") = "Dotnet9.RazorPages", "Dotnet9.RazorPages\Dotnet9.RazorPages.csproj", "{B98C06EB-FE7C-46B1-BF9E-FE516DD2C43E}"
EndProject
Project("{9A19103F-16F7-4668-BE54-9A1E7A4F7556}") = "Dotnet9.Service", "Dotnet9.Service\Dotnet9.Service.csproj", "{4917E298-A4E1-4037-984F-2C5F7451B351}"
EndProject
Project("{9A19103F-16F7-4668-BE54-9A1E7A4F7556}") = "Dotnet9.Commons.Test", "Dotnet9.Commons.Test\Dotnet9.Commons.Test.csproj", "{DD28AAE1-4957-46C7-AD2C-0F9BED5DF9BF}"
EndProject
Project("{9A19103F-16F7-4668-BE54-9A1E7A4F7556}") = "Dotnet9.Caller", "Dotnet9.Caller\Dotnet9.Caller.csproj", "{98ABEA91-4CCE-4B4E-9C4C-F58538CBC1F4}"
EndProject
Project("{9A19103F-16F7-4668-BE54-9A1E7A4F7556}") = "Dotnet9.ASPNETCore", "Dotnet9.ASPNETCore\Dotnet9.ASPNETCore.csproj", "{158B9DD6-E77E-4CA5-B472-754650341FE1}"
EndProject
Project("{FAE04EC0-301F-11D3-BF4B-00C04F79EFBC}") = "Dotnet9.BlazorWebApp", "Dotnet9.BlazorWebApp\Dotnet9.BlazorWebApp.csproj", "{9C17798B-EB17-4F27-8A6F-8568C3E56E5D}"
EndProject
Global
	GlobalSection(SolutionConfigurationPlatforms) = preSolution
		Debug|Any CPU = Debug|Any CPU
		Release|Any CPU = Release|Any CPU
	EndGlobalSection
	GlobalSection(ProjectConfigurationPlatforms) = postSolution
		{B7E5E5CD-A307-4E8B-B39C-B1896F2B4DAE}.Debug|Any CPU.ActiveCfg = Debug|Any CPU
		{B7E5E5CD-A307-4E8B-B39C-B1896F2B4DAE}.Debug|Any CPU.Build.0 = Debug|Any CPU
		{B7E5E5CD-A307-4E8B-B39C-B1896F2B4DAE}.Release|Any CPU.ActiveCfg = Release|Any CPU
		{B7E5E5CD-A307-4E8B-B39C-B1896F2B4DAE}.Release|Any CPU.Build.0 = Release|Any CPU
		{0E96678C-76C2-4829-BF9D-93D650F4E567}.Debug|Any CPU.ActiveCfg = Debug|Any CPU
		{0E96678C-76C2-4829-BF9D-93D650F4E567}.Debug|Any CPU.Build.0 = Debug|Any CPU
		{0E96678C-76C2-4829-BF9D-93D650F4E567}.Release|Any CPU.ActiveCfg = Release|Any CPU
		{0E96678C-76C2-4829-BF9D-93D650F4E567}.Release|Any CPU.Build.0 = Release|Any CPU
		{B98C06EB-FE7C-46B1-BF9E-FE516DD2C43E}.Debug|Any CPU.ActiveCfg = Debug|Any CPU
		{B98C06EB-FE7C-46B1-BF9E-FE516DD2C43E}.Debug|Any CPU.Build.0 = Debug|Any CPU
		{B98C06EB-FE7C-46B1-BF9E-FE516DD2C43E}.Release|Any CPU.ActiveCfg = Release|Any CPU
		{B98C06EB-FE7C-46B1-BF9E-FE516DD2C43E}.Release|Any CPU.Build.0 = Release|Any CPU
		{4917E298-A4E1-4037-984F-2C5F7451B351}.Debug|Any CPU.ActiveCfg = Debug|Any CPU
		{4917E298-A4E1-4037-984F-2C5F7451B351}.Debug|Any CPU.Build.0 = Debug|Any CPU
		{4917E298-A4E1-4037-984F-2C5F7451B351}.Release|Any CPU.ActiveCfg = Release|Any CPU
		{4917E298-A4E1-4037-984F-2C5F7451B351}.Release|Any CPU.Build.0 = Release|Any CPU
		{DD28AAE1-4957-46C7-AD2C-0F9BED5DF9BF}.Debug|Any CPU.ActiveCfg = Debug|Any CPU
		{DD28AAE1-4957-46C7-AD2C-0F9BED5DF9BF}.Debug|Any CPU.Build.0 = Debug|Any CPU
		{DD28AAE1-4957-46C7-AD2C-0F9BED5DF9BF}.Release|Any CPU.ActiveCfg = Release|Any CPU
		{DD28AAE1-4957-46C7-AD2C-0F9BED5DF9BF}.Release|Any CPU.Build.0 = Release|Any CPU
		{98ABEA91-4CCE-4B4E-9C4C-F58538CBC1F4}.Debug|Any CPU.ActiveCfg = Debug|Any CPU
		{98ABEA91-4CCE-4B4E-9C4C-F58538CBC1F4}.Debug|Any CPU.Build.0 = Debug|Any CPU
		{98ABEA91-4CCE-4B4E-9C4C-F58538CBC1F4}.Release|Any CPU.ActiveCfg = Release|Any CPU
		{98ABEA91-4CCE-4B4E-9C4C-F58538CBC1F4}.Release|Any CPU.Build.0 = Release|Any CPU
		{158B9DD6-E77E-4CA5-B472-754650341FE1}.Debug|Any CPU.ActiveCfg = Debug|Any CPU
		{158B9DD6-E77E-4CA5-B472-754650341FE1}.Debug|Any CPU.Build.0 = Debug|Any CPU
		{158B9DD6-E77E-4CA5-B472-754650341FE1}.Release|Any CPU.ActiveCfg = Release|Any CPU
		{158B9DD6-E77E-4CA5-B472-754650341FE1}.Release|Any CPU.Build.0 = Release|Any CPU
		{9C17798B-EB17-4F27-8A6F-8568C3E56E5D}.Debug|Any CPU.ActiveCfg = Debug|Any CPU
		{9C17798B-EB17-4F27-8A6F-8568C3E56E5D}.Debug|Any CPU.Build.0 = Debug|Any CPU
		{9C17798B-EB17-4F27-8A6F-8568C3E56E5D}.Release|Any CPU.ActiveCfg = Release|Any CPU
		{9C17798B-EB17-4F27-8A6F-8568C3E56E5D}.Release|Any CPU.Build.0 = Release|Any CPU
	EndGlobalSection
	GlobalSection(SolutionProperties) = preSolution
		HideSolutionNode = FALSE
	EndGlobalSection
	GlobalSection(NestedProjects) = preSolution
		{FBFB499A-7022-4417-881B-68F63DBDB7F4} = {E011B243-0389-468B-B903-83445BED69A4}
		{B7E5E5CD-A307-4E8B-B39C-B1896F2B4DAE} = {92F40AFA-8416-40BE-9893-D35E1924C69D}
		{0E96678C-76C2-4829-BF9D-93D650F4E567} = {92F40AFA-8416-40BE-9893-D35E1924C69D}
		{B98C06EB-FE7C-46B1-BF9E-FE516DD2C43E} = {92F40AFA-8416-40BE-9893-D35E1924C69D}
		{4917E298-A4E1-4037-984F-2C5F7451B351} = {92F40AFA-8416-40BE-9893-D35E1924C69D}
		{DD28AAE1-4957-46C7-AD2C-0F9BED5DF9BF} = {BFB92BD5-482F-49F4-B76C-EF8F697D3F99}
		{98ABEA91-4CCE-4B4E-9C4C-F58538CBC1F4} = {92F40AFA-8416-40BE-9893-D35E1924C69D}
		{158B9DD6-E77E-4CA5-B472-754650341FE1} = {92F40AFA-8416-40BE-9893-D35E1924C69D}
		{9C17798B-EB17-4F27-8A6F-8568C3E56E5D} = {92F40AFA-8416-40BE-9893-D35E1924C69D}
	EndGlobalSection
	GlobalSection(ExtensibilityGlobals) = postSolution
		SolutionGuid = {B83BA2BA-19E5-41FB-A92A-16A03DA229E4}
	EndGlobalSection
EndGlobal
