
Microsoft Visual Studio Solution File, Format Version 12.00
# Visual Studio Version 17
VisualStudioVersion = 17.1.32210.238
MinimumVisualStudioVersion = 10.0.40219.1
Project("{2150E333-8FDC-42A3-9474-1A3956D46DE8}") = "Solution Items", "Solution Items", "{36A57A1A-35F9-46A1-880C-A40F476DEEEE}"
	ProjectSection(SolutionItems) = preProject
		.editorconfig = .editorconfig
		Directory.build.props = Directory.build.props
		Directory.Build.Targets = Directory.Build.Targets
	EndProjectSection
EndProject
Project("{2150E333-8FDC-42A3-9474-1A3956D46DE8}") = "Test", "Test", "{A358FCB2-95D9-4452-9854-A09C5BBD8BD4}"
EndProject
Project("{2150E333-8FDC-42A3-9474-1A3956D46DE8}") = "Admin", "Admin", "{9D645E3E-49AE-43F9-A6D7-29060BF7867E}"
EndProject
Project("{9A19103F-16F7-4668-BE54-9A1E7A4F7556}") = "Dotnet9.CommonInitializer", "Dotnet9.CommonInitializer\Dotnet9.CommonInitializer.csproj", "{2BA9F779-D2F3-4E11-A680-D5B4B9D61350}"
EndProject
Project("{2150E333-8FDC-42A3-9474-1A3956D46DE8}") = "Commons", "Commons", "{6115DDB3-D836-4DE9-B431-D9C4FF92E47E}"
EndProject
Project("{9A19103F-16F7-4668-BE54-9A1E7A4F7556}") = "Dotnet9.WebAPI.Domain", "Dotnet9.WebAPI.Domain\Dotnet9.WebAPI.Domain.csproj", "{EFF1F2BA-CD8E-4CD7-965D-0CEDEFBEFC49}"
EndProject
Project("{9A19103F-16F7-4668-BE54-9A1E7A4F7556}") = "Dotnet9.DomainCommons", "Dotnet9.DomainCommons\Dotnet9.DomainCommons.csproj", "{5E955C3F-F114-44E8-9B74-132CFD18D658}"
EndProject
Project("{9A19103F-16F7-4668-BE54-9A1E7A4F7556}") = "Dotnet9.JWT", "Dotnet9.JWT\Dotnet9.JWT.csproj", "{0422A2AD-A9F3-4325-AFAE-B1D0DBF5784A}"
EndProject
Project("{9A19103F-16F7-4668-BE54-9A1E7A4F7556}") = "Dotnet9.Commons", "Dotnet9.Commons\Dotnet9.Commons.csproj", "{C33CBE6E-93A9-4548-858C-6A609045991B}"
EndProject
Project("{9A19103F-16F7-4668-BE54-9A1E7A4F7556}") = "Dotnet9.EventBus", "Dotnet9.EventBus\Dotnet9.EventBus.csproj", "{B472595F-0A45-47B8-ABE4-2BE00229422E}"
EndProject
Project("{9A19103F-16F7-4668-BE54-9A1E7A4F7556}") = "Dotnet9.ASPNETCore", "Dotnet9.ASPNETCore\Dotnet9.ASPNETCore.csproj", "{C00FEFA7-3938-42E4-897E-92970F77C6DE}"
EndProject
Project("{9A19103F-16F7-4668-BE54-9A1E7A4F7556}") = "Dotnet9.Infrastructure", "Dotnet9.Infrastructure\Dotnet9.Infrastructure.csproj", "{A1A0EA35-066A-4046-B7F0-6197158C34CA}"
EndProject
Project("{9A19103F-16F7-4668-BE54-9A1E7A4F7556}") = "Dotnet9.AnyDBConfigProvider", "Dotnet9.AnyDBConfigProvider\Dotnet9.AnyDBConfigProvider.csproj", "{6476440A-B089-4323-9DF3-0E5007D387EF}"
EndProject
Project("{9A19103F-16F7-4668-BE54-9A1E7A4F7556}") = "Dotnet9.WebAPI", "Dotnet9.WebAPI\Dotnet9.WebAPI.csproj", "{C2E5DB78-7518-4A92-95CC-B1F400ED437A}"
EndProject
Project("{9A19103F-16F7-4668-BE54-9A1E7A4F7556}") = "Dotnet9.Commons.Test", "Dotnet9.Commons.Test\Dotnet9.Commons.Test.csproj", "{341D8EF4-74B9-455D-83FC-940BA13BABB5}"
EndProject
Project("{9A19103F-16F7-4668-BE54-9A1E7A4F7556}") = "Dotnet9.WebAPI.Infrastructure", "Dotnet9.WebAPI.Infrastructure\Dotnet9.WebAPI.Infrastructure.csproj", "{F3A6CBCE-6697-43C7-B474-CA4466D9E497}"
EndProject
Global
	GlobalSection(SolutionConfigurationPlatforms) = preSolution
		Debug|Any CPU = Debug|Any CPU
		Release|Any CPU = Release|Any CPU
	EndGlobalSection
	GlobalSection(ProjectConfigurationPlatforms) = postSolution
		{2BA9F779-D2F3-4E11-A680-D5B4B9D61350}.Debug|Any CPU.ActiveCfg = Debug|Any CPU
		{2BA9F779-D2F3-4E11-A680-D5B4B9D61350}.Debug|Any CPU.Build.0 = Debug|Any CPU
		{2BA9F779-D2F3-4E11-A680-D5B4B9D61350}.Release|Any CPU.ActiveCfg = Release|Any CPU
		{2BA9F779-D2F3-4E11-A680-D5B4B9D61350}.Release|Any CPU.Build.0 = Release|Any CPU
		{EFF1F2BA-CD8E-4CD7-965D-0CEDEFBEFC49}.Debug|Any CPU.ActiveCfg = Debug|Any CPU
		{EFF1F2BA-CD8E-4CD7-965D-0CEDEFBEFC49}.Debug|Any CPU.Build.0 = Debug|Any CPU
		{EFF1F2BA-CD8E-4CD7-965D-0CEDEFBEFC49}.Release|Any CPU.ActiveCfg = Release|Any CPU
		{EFF1F2BA-CD8E-4CD7-965D-0CEDEFBEFC49}.Release|Any CPU.Build.0 = Release|Any CPU
		{5E955C3F-F114-44E8-9B74-132CFD18D658}.Debug|Any CPU.ActiveCfg = Debug|Any CPU
		{5E955C3F-F114-44E8-9B74-132CFD18D658}.Debug|Any CPU.Build.0 = Debug|Any CPU
		{5E955C3F-F114-44E8-9B74-132CFD18D658}.Release|Any CPU.ActiveCfg = Release|Any CPU
		{5E955C3F-F114-44E8-9B74-132CFD18D658}.Release|Any CPU.Build.0 = Release|Any CPU
		{0422A2AD-A9F3-4325-AFAE-B1D0DBF5784A}.Debug|Any CPU.ActiveCfg = Debug|Any CPU
		{0422A2AD-A9F3-4325-AFAE-B1D0DBF5784A}.Debug|Any CPU.Build.0 = Debug|Any CPU
		{0422A2AD-A9F3-4325-AFAE-B1D0DBF5784A}.Release|Any CPU.ActiveCfg = Release|Any CPU
		{0422A2AD-A9F3-4325-AFAE-B1D0DBF5784A}.Release|Any CPU.Build.0 = Release|Any CPU
		{C33CBE6E-93A9-4548-858C-6A609045991B}.Debug|Any CPU.ActiveCfg = Debug|Any CPU
		{C33CBE6E-93A9-4548-858C-6A609045991B}.Debug|Any CPU.Build.0 = Debug|Any CPU
		{C33CBE6E-93A9-4548-858C-6A609045991B}.Release|Any CPU.ActiveCfg = Release|Any CPU
		{C33CBE6E-93A9-4548-858C-6A609045991B}.Release|Any CPU.Build.0 = Release|Any CPU
		{B472595F-0A45-47B8-ABE4-2BE00229422E}.Debug|Any CPU.ActiveCfg = Debug|Any CPU
		{B472595F-0A45-47B8-ABE4-2BE00229422E}.Debug|Any CPU.Build.0 = Debug|Any CPU
		{B472595F-0A45-47B8-ABE4-2BE00229422E}.Release|Any CPU.ActiveCfg = Release|Any CPU
		{B472595F-0A45-47B8-ABE4-2BE00229422E}.Release|Any CPU.Build.0 = Release|Any CPU
		{C00FEFA7-3938-42E4-897E-92970F77C6DE}.Debug|Any CPU.ActiveCfg = Debug|Any CPU
		{C00FEFA7-3938-42E4-897E-92970F77C6DE}.Debug|Any CPU.Build.0 = Debug|Any CPU
		{C00FEFA7-3938-42E4-897E-92970F77C6DE}.Release|Any CPU.ActiveCfg = Release|Any CPU
		{C00FEFA7-3938-42E4-897E-92970F77C6DE}.Release|Any CPU.Build.0 = Release|Any CPU
		{A1A0EA35-066A-4046-B7F0-6197158C34CA}.Debug|Any CPU.ActiveCfg = Debug|Any CPU
		{A1A0EA35-066A-4046-B7F0-6197158C34CA}.Debug|Any CPU.Build.0 = Debug|Any CPU
		{A1A0EA35-066A-4046-B7F0-6197158C34CA}.Release|Any CPU.ActiveCfg = Release|Any CPU
		{A1A0EA35-066A-4046-B7F0-6197158C34CA}.Release|Any CPU.Build.0 = Release|Any CPU
		{6476440A-B089-4323-9DF3-0E5007D387EF}.Debug|Any CPU.ActiveCfg = Debug|Any CPU
		{6476440A-B089-4323-9DF3-0E5007D387EF}.Debug|Any CPU.Build.0 = Debug|Any CPU
		{6476440A-B089-4323-9DF3-0E5007D387EF}.Release|Any CPU.ActiveCfg = Release|Any CPU
		{6476440A-B089-4323-9DF3-0E5007D387EF}.Release|Any CPU.Build.0 = Release|Any CPU
		{C2E5DB78-7518-4A92-95CC-B1F400ED437A}.Debug|Any CPU.ActiveCfg = Debug|Any CPU
		{C2E5DB78-7518-4A92-95CC-B1F400ED437A}.Debug|Any CPU.Build.0 = Debug|Any CPU
		{C2E5DB78-7518-4A92-95CC-B1F400ED437A}.Release|Any CPU.ActiveCfg = Release|Any CPU
		{C2E5DB78-7518-4A92-95CC-B1F400ED437A}.Release|Any CPU.Build.0 = Release|Any CPU
		{341D8EF4-74B9-455D-83FC-940BA13BABB5}.Debug|Any CPU.ActiveCfg = Debug|Any CPU
		{341D8EF4-74B9-455D-83FC-940BA13BABB5}.Debug|Any CPU.Build.0 = Debug|Any CPU
		{341D8EF4-74B9-455D-83FC-940BA13BABB5}.Release|Any CPU.ActiveCfg = Release|Any CPU
		{341D8EF4-74B9-455D-83FC-940BA13BABB5}.Release|Any CPU.Build.0 = Release|Any CPU
		{F3A6CBCE-6697-43C7-B474-CA4466D9E497}.Debug|Any CPU.ActiveCfg = Debug|Any CPU
		{F3A6CBCE-6697-43C7-B474-CA4466D9E497}.Debug|Any CPU.Build.0 = Debug|Any CPU
		{F3A6CBCE-6697-43C7-B474-CA4466D9E497}.Release|Any CPU.ActiveCfg = Release|Any CPU
		{F3A6CBCE-6697-43C7-B474-CA4466D9E497}.Release|Any CPU.Build.0 = Release|Any CPU
	EndGlobalSection
	GlobalSection(SolutionProperties) = preSolution
		HideSolutionNode = FALSE
	EndGlobalSection
	GlobalSection(NestedProjects) = preSolution
		{2BA9F779-D2F3-4E11-A680-D5B4B9D61350} = {6115DDB3-D836-4DE9-B431-D9C4FF92E47E}
		{EFF1F2BA-CD8E-4CD7-965D-0CEDEFBEFC49} = {9D645E3E-49AE-43F9-A6D7-29060BF7867E}
		{5E955C3F-F114-44E8-9B74-132CFD18D658} = {6115DDB3-D836-4DE9-B431-D9C4FF92E47E}
		{0422A2AD-A9F3-4325-AFAE-B1D0DBF5784A} = {6115DDB3-D836-4DE9-B431-D9C4FF92E47E}
		{C33CBE6E-93A9-4548-858C-6A609045991B} = {6115DDB3-D836-4DE9-B431-D9C4FF92E47E}
		{B472595F-0A45-47B8-ABE4-2BE00229422E} = {6115DDB3-D836-4DE9-B431-D9C4FF92E47E}
		{C00FEFA7-3938-42E4-897E-92970F77C6DE} = {6115DDB3-D836-4DE9-B431-D9C4FF92E47E}
		{A1A0EA35-066A-4046-B7F0-6197158C34CA} = {6115DDB3-D836-4DE9-B431-D9C4FF92E47E}
		{6476440A-B089-4323-9DF3-0E5007D387EF} = {6115DDB3-D836-4DE9-B431-D9C4FF92E47E}
		{C2E5DB78-7518-4A92-95CC-B1F400ED437A} = {9D645E3E-49AE-43F9-A6D7-29060BF7867E}
		{341D8EF4-74B9-455D-83FC-940BA13BABB5} = {A358FCB2-95D9-4452-9854-A09C5BBD8BD4}
		{F3A6CBCE-6697-43C7-B474-CA4466D9E497} = {9D645E3E-49AE-43F9-A6D7-29060BF7867E}
	EndGlobalSection
	GlobalSection(ExtensibilityGlobals) = postSolution
		SolutionGuid = {23F5EB67-5874-4763-88EF-473C3EB6DD51}
	EndGlobalSection
EndGlobal
